// !$*UTF8*$!
{
	archiveVersion = 1;
	classes = {
	};
	objectVersion = 46;
	objects = {

/* Begin PBXBuildFile section */
		943B32871DF53BEF00B9EB71 /* main.m in Sources */ = {isa = PBXBuildFile; fileRef = 943B32861DF53BEF00B9EB71 /* main.m */; };
		943B328A1DF53BEF00B9EB71 /* AppDelegate.m in Sources */ = {isa = PBXBuildFile; fileRef = 943B32891DF53BEF00B9EB71 /* AppDelegate.m */; };
		943B328D1DF53BEF00B9EB71 /* ViewController.m in Sources */ = {isa = PBXBuildFile; fileRef = 943B328C1DF53BEF00B9EB71 /* ViewController.m */; };
		943B32901DF53BEF00B9EB71 /* Main.storyboard in Resources */ = {isa = PBXBuildFile; fileRef = 943B328E1DF53BEF00B9EB71 /* Main.storyboard */; };
		943B32921DF53BEF00B9EB71 /* Assets.xcassets in Resources */ = {isa = PBXBuildFile; fileRef = 943B32911DF53BEF00B9EB71 /* Assets.xcassets */; };
		943B32951DF53BEF00B9EB71 /* LaunchScreen.storyboard in Resources */ = {isa = PBXBuildFile; fileRef = 943B32931DF53BEF00B9EB71 /* LaunchScreen.storyboard */; };
		943B329D1DF53C2800B9EB71 /* adminActivity.sqlite in Resources */ = {isa = PBXBuildFile; fileRef = 943B329C1DF53C2800B9EB71 /* adminActivity.sqlite */; };
		943B32A01DF53C3600B9EB71 /* SQLite.m in Sources */ = {isa = PBXBuildFile; fileRef = 943B329F1DF53C3600B9EB71 /* SQLite.m */; };
		943B32A21DF53D8A00B9EB71 /* libsqlite3.tbd in Frameworks */ = {isa = PBXBuildFile; fileRef = 943B32A11DF53D8A00B9EB71 /* libsqlite3.tbd */; };
/* End PBXBuildFile section */

/* Begin PBXFileReference section */
		943B32821DF53BEE00B9EB71 /* SqliteSample.app */ = {isa = PBXFileReference; explicitFileType = wrapper.application; includeInIndex = 0; path = SqliteSample.app; sourceTree = BUILT_PRODUCTS_DIR; };
		943B32861DF53BEF00B9EB71 /* main.m */ = {isa = PBXFileReference; lastKnownFileType = sourcecode.c.objc; path = main.m; sourceTree = "<group>"; };
		943B32881DF53BEF00B9EB71 /* AppDelegate.h */ = {isa = PBXFileReference; lastKnownFileType = sourcecode.c.h; path = AppDelegate.h; sourceTree = "<group>"; };
		943B32891DF53BEF00B9EB71 /* AppDelegate.m */ = {isa = PBXFileReference; lastKnownFileType = sourcecode.c.objc; path = AppDelegate.m; sourceTree = "<group>"; };
		943B328B1DF53BEF00B9EB71 /* ViewController.h */ = {isa = PBXFileReference; lastKnownFileType = sourcecode.c.h; path = ViewController.h; sourceTree = "<group>"; };
		943B328C1DF53BEF00B9EB71 /* ViewController.m */ = {isa = PBXFileReference; lastKnownFileType = sourcecode.c.objc; path = ViewController.m; sourceTree = "<group>"; };
		943B328F1DF53BEF00B9EB71 /* Base */ = {isa = PBXFileReference; lastKnownFileType = file.storyboard; name = Base; path = Base.lproj/Main.storyboard; sourceTree = "<group>"; };
		943B32911DF53BEF00B9EB71 /* Assets.xcassets */ = {isa = PBXFileReference; lastKnownFileType = folder.assetcatalog; path = Assets.xcassets; sourceTree = "<group>"; };
		943B32941DF53BEF00B9EB71 /* Base */ = {isa = PBXFileReference; lastKnownFileType = file.storyboard; name = Base; path = Base.lproj/LaunchScreen.storyboard; sourceTree = "<group>"; };
		943B32961DF53BEF00B9EB71 /* Info.plist */ = {isa = PBXFileReference; lastKnownFileType = text.plist.xml; path = Info.plist; sourceTree = "<group>"; };
		943B329C1DF53C2800B9EB71 /* adminActivity.sqlite */ = {isa = PBXFileReference; lastKnownFileType = file; path = adminActivity.sqlite; sourceTree = "<group>"; };
		943B329E1DF53C3600B9EB71 /* SQLite.h */ = {isa = PBXFileReference; fileEncoding = 4; lastKnownFileType = sourcecode.c.h; path = SQLite.h; sourceTree = "<group>"; };
		943B329F1DF53C3600B9EB71 /* SQLite.m */ = {isa = PBXFileReference; fileEncoding = 4; lastKnownFileType = sourcecode.c.objc; path = SQLite.m; sourceTree = "<group>"; };
		943B32A11DF53D8A00B9EB71 /* libsqlite3.tbd */ = {isa = PBXFileReference; lastKnownFileType = "sourcecode.text-based-dylib-definition"; name = libsqlite3.tbd; path = usr/lib/libsqlite3.tbd; sourceTree = SDKROOT; };
/* End PBXFileReference section */

/* Begin PBXFrameworksBuildPhase section */
		943B327F1DF53BEE00B9EB71 /* Frameworks */ = {
			isa = PBXFrameworksBuildPhase;
			buildActionMask = 2147483647;
			files = (
				943B32A21DF53D8A00B9EB71 /* libsqlite3.tbd in Frameworks */,
			);
			runOnlyForDeploymentPostprocessing = 0;
		};
/* End PBXFrameworksBuildPhase section */

/* Begin PBXGroup section */
		943B32791DF53BEE00B9EB71 = {
			isa = PBXGroup;
			children = (
				943B32A11DF53D8A00B9EB71 /* libsqlite3.tbd */,
				943B32841DF53BEF00B9EB71 /* SqliteSample */,
				943B32831DF53BEE00B9EB71 /* Products */,
			);
			sourceTree = "<group>";
		};
		943B32831DF53BEE00B9EB71 /* Products */ = {
			isa = PBXGroup;
			children = (
				943B32821DF53BEE00B9EB71 /* SqliteSample.app */,
			);
			name = Products;
			sourceTree = "<group>";
		};
		943B32841DF53BEF00B9EB71 /* SqliteSample */ = {
			isa = PBXGroup;
			children = (
				943B329C1DF53C2800B9EB71 /* adminActivity.sqlite */,
				943B329E1DF53C3600B9EB71 /* SQLite.h */,
				943B329F1DF53C3600B9EB71 /* SQLite.m */,
				943B32881DF53BEF00B9EB71 /* AppDelegate.h */,
				943B32891DF53BEF00B9EB71 /* AppDelegate.m */,
				943B328B1DF53BEF00B9EB71 /* ViewController.h */,
				943B328C1DF53BEF00B9EB71 /* ViewController.m */,
				943B328E1DF53BEF00B9EB71 /* Main.storyboard */,
				943B32911DF53BEF00B9EB71 /* Assets.xcassets */,
				943B32931DF53BEF00B9EB71 /* LaunchScreen.storyboard */,
				943B32961DF53BEF00B9EB71 /* Info.plist */,
				943B32851DF53BEF00B9EB71 /* Supporting Files */,
			);
			path = SqliteSample;
			sourceTree = "<group>";
		};
		943B32851DF53BEF00B9EB71 /* Supporting Files */ = {
			isa = PBXGroup;
			children = (
				943B32861DF53BEF00B9EB71 /* main.m */,
			);
			name = "Supporting Files";
			sourceTree = "<group>";
		};
/* End PBXGroup section */

/* Begin PBXNativeTarget section */
		943B32811DF53BEE00B9EB71 /* SqliteSample */ = {
			isa = PBXNativeTarget;
			buildConfigurationList = 943B32991DF53BEF00B9EB71 /* Build configuration list for PBXNativeTarget "SqliteSample" */;
			buildPhases = (
				943B327E1DF53BEE00B9EB71 /* Sources */,
				943B327F1DF53BEE00B9EB71 /* Frameworks */,
				943B32801DF53BEE00B9EB71 /* Resources */,
			);
			buildRules = (
			);
			dependencies = (
			);
			name = SqliteSample;
			productName = SqliteSample;
			productReference = 943B32821DF53BEE00B9EB71 /* SqliteSample.app */;
			productType = "com.apple.product-type.application";
		};
/* End PBXNativeTarget section */

/* Begin PBXProject section */
		943B327A1DF53BEE00B9EB71 /* Project object */ = {
			isa = PBXProject;
			attributes = {
				LastUpgradeCheck = 0730;
				ORGANIZATIONNAME = AIPL;
				TargetAttributes = {
					943B32811DF53BEE00B9EB71 = {
						CreatedOnToolsVersion = 7.3;
					};
				};
			};
			buildConfigurationList = 943B327D1DF53BEE00B9EB71 /* Build configuration list for PBXProject "SqliteSample" */;
			compatibilityVersion = "Xcode 3.2";
			developmentRegion = English;
			hasScannedForEncodings = 0;
			knownRegions = (
				en,
				Base,
			);
			mainGroup = 943B32791DF53BEE00B9EB71;
			productRefGroup = 943B32831DF53BEE00B9EB71 /* Products */;
			projectDirPath = "";
			projectRoot = "";
			targets = (
				943B32811DF53BEE00B9EB71 /* SqliteSample */,
			);
		};
/* End PBXProject section */

/* Begin PBXResourcesBuildPhase section */
		943B32801DF53BEE00B9EB71 /* Resources */ = {
			isa = PBXResourcesBuildPhase;
			buildActionMask = 2147483647;
			files = (
				943B32951DF53BEF00B9EB71 /* LaunchScreen.storyboard in Resources */,
				943B32921DF53BEF00B9EB71 /* Assets.xcassets in Resources */,
				943B329D1DF53C2800B9EB71 /* adminActivity.sqlite in Resources */,
				943B32901DF53BEF00B9EB71 /* Main.storyboard in Resources */,
			);
			runOnlyForDeploymentPostprocessing = 0;
		};
/* End PBXResourcesBuildPhase section */

/* Begin PBXSourcesBuildPhase section */
		943B327E1DF53BEE00B9EB71 /* Sources */ = {
			isa = PBXSourcesBuildPhase;
			buildActionMask = 2147483647;
			files = (
				943B328D1DF53BEF00B9EB71 /* ViewController.m in Sources */,
				943B32A01DF53C3600B9EB71 /* SQLite.m in Sources */,
				943B328A1DF53BEF00B9EB71 /* AppDelegate.m in Sources */,
				943B32871DF53BEF00B9EB71 /* main.m in Sources */,
			);
			runOnlyForDeploymentPostprocessing = 0;
		};
/* End PBXSourcesBuildPhase section */

/* Begin PBXVariantGroup section */
		943B328E1DF53BEF00B9EB71 /* Main.storyboard */ = {
			isa = PBXVariantGroup;
			children = (
				943B328F1DF53BEF00B9EB71 /* Base */,
			);
			name = Main.storyboard;
			sourceTree = "<group>";
		};
		943B32931DF53BEF00B9EB71 /* LaunchScreen.storyboard */ = {
			isa = PBXVariantGroup;
			children = (
				943B32941DF53BEF00B9EB71 /* Base */,
			);
			name = LaunchScreen.storyboard;
			sourceTree = "<group>";
		};
/* End PBXVariantGroup section */

/* Begin XCBuildConfiguration section */
		943B32971DF53BEF00B9EB71 /* Debug */ = {
			isa = XCBuildConfiguration;
			buildSettings = {
				ALWAYS_SEARCH_USER_PATHS = NO;
				CLANG_ANALYZER_NONNULL = YES;
				CLANG_CXX_LANGUAGE_STANDARD = "gnu++0x";
				CLANG_CXX_LIBRARY = "libc++";
				CLANG_ENABLE_MODULES = YES;
				CLANG_ENABLE_OBJC_ARC = YES;
				CLANG_WARN_BOOL_CONVERSION = YES;
				CLANG_WARN_CONSTANT_CONVERSION = YES;
				CLANG_WARN_DIRECT_OBJC_ISA_USAGE = YES_ERROR;
				CLANG_WARN_EMPTY_BODY = YES;
				CLANG_WARN_ENUM_CONVERSION = YES;
				CLANG_WARN_INT_CONVERSION = YES;
				CLANG_WARN_OBJC_ROOT_CLASS = YES_ERROR;
				CLANG_WARN_UNREACHABLE_CODE = YES;
				CLANG_WARN__DUPLICATE_METHOD_MATCH = YES;
				"CODE_SIGN_IDENTITY[sdk=iphoneos*]" = "iPhone Developer";
				COPY_PHASE_STRIP = NO;
				DEBUG_INFORMATION_FORMAT = dwarf;
				ENABLE_STRICT_OBJC_MSGSEND = YES;
				ENABLE_TESTABILITY = YES;
				GCC_C_LANGUAGE_STANDARD = gnu99;
				GCC_DYNAMIC_NO_PIC = NO;
				GCC_NO_COMMON_BLOCKS = YES;
				GCC_OPTIMIZATION_LEVEL = 0;
				GCC_PREPROCESSOR_DEFINITIONS = (
					"DEBUG=1",
					"$(inherited)",
				);
				GCC_WARN_64_TO_32_BIT_CONVERSION = YES;
				GCC_WARN_ABOUT_RETURN_TYPE = YES_ERROR;
				GCC_WARN_UNDECLARED_SELECTOR = YES;
				GCC_WARN_UNINITIALIZED_AUTOS = YES_AGGRESSIVE;
				GCC_WARN_UNUSED_FUNCTION = YES;
				GCC_WARN_UNUSED_VARIABLE = YES;
				IPHONEOS_DEPLOYMENT_TARGET = 9.3;
				MTL_ENABLE_DEBUG_INFO = YES;
				ONLY_ACTIVE_ARCH = YES;
				SDKROOT = iphoneos;
				TARGETED_DEVICE_FAMILY = 2;
			};
			name = Debug;
		};
		943B32981DF53BEF00B9EB71 /* Release */ = {
			isa = XCBuildConfiguration;
			buildSettings = {
				ALWAYS_SEARCH_USER_PATHS = NO;
				CLANG_ANALYZER_NONNULL = YES;
				CLANG_CXX_LANGUAGE_STANDARD = "gnu++0x";
				CLANG_CXX_LIBRARY = "libc++";
				CLANG_ENABLE_MODULES = YES;
				CLANG_ENABLE_OBJC_ARC = YES;
				CLANG_WARN_BOOL_CONVERSION = YES;
				CLANG_WARN_CONSTANT_CONVERSION = YES;
				CLANG_WARN_DIRECT_OBJC_ISA_USAGE = YES_ERROR;
				CLANG_WARN_EMPTY_BODY = YES;
				CLANG_WARN_ENUM_CONVERSION = YES;
				CLANG_WARN_INT_CONVERSION = YES;
				CLANG_WARN_OBJC_ROOT_CLASS = YES_ERROR;
				CLANG_WARN_UNREACHABLE_CODE = YES;
				CLANG_WARN__DUPLICATE_METHOD_MATCH = YES;
				"CODE_SIGN_IDENTITY[sdk=iphoneos*]" = "iPhone Developer";
				COPY_PHASE_STRIP = NO;
				DEBUG_INFORMATION_FORMAT = "dwarf-with-dsym";
				ENABLE_NS_ASSERTIONS = NO;
				ENABLE_STRICT_OBJC_MSGSEND = YES;
				GCC_C_LANGUAGE_STANDARD = gnu99;
				GCC_NO_COMMON_BLOCKS = YES;
				GCC_WARN_64_TO_32_BIT_CONVERSION = YES;
				GCC_WARN_ABOUT_RETURN_TYPE = YES_ERROR;
				GCC_WARN_UNDECLARED_SELECTOR = YES;
				GCC_WARN_UNINITIALIZED_AUTOS = YES_AGGRESSIVE;
				GCC_WARN_UNUSED_FUNCTION = YES;
				GCC_WARN_UNUSED_VARIABLE = YES;
				IPHONEOS_DEPLOYMENT_TARGET = 9.3;
				MTL_ENABLE_DEBUG_INFO = NO;
				SDKROOT = iphoneos;
				TARGETED_DEVICE_FAMILY = 2;
				VALIDATE_PRODUCT = YES;
			};
			name = Release;
		};
		943B329A1DF53BEF00B9EB71 /* Debug */ = {
			isa = XCBuildConfiguration;
			buildSettings = {
				ASSETCATALOG_COMPILER_APPICON_NAME = AppIcon;
				INFOPLIST_FILE = SqliteSample/Info.plist;
				LD_RUNPATH_SEARCH_PATHS = "$(inherited) @executable_path/Frameworks";
				PRODUCT_BUNDLE_IDENTIFIER = com.anant.bot.SqliteSample;
				PRODUCT_NAME = "$(TARGET_NAME)";
			};
			name = Debug;
		};
		943B329B1DF53BEF00B9EB71 /* Release */ = {
			isa = XCBuildConfiguration;
			buildSettings = {
				ASSETCATALOG_COMPILER_APPICON_NAME = AppIcon;
				INFOPLIST_FILE = SqliteSample/Info.plist;
				LD_RUNPATH_SEARCH_PATHS = "$(inherited) @executable_path/Frameworks";
				PRODUCT_BUNDLE_IDENTIFIER = com.anant.bot.SqliteSample;
				PRODUCT_NAME = "$(TARGET_NAME)";
			};
			name = Release;
		};
/* End XCBuildConfiguration section */

/* Begin XCConfigurationList section */
		943B327D1DF53BEE00B9EB71 /* Build configuration list for PBXProject "SqliteSample" */ = {
			isa = XCConfigurationList;
			buildConfigurations = (
				943B32971DF53BEF00B9EB71 /* Debug */,
				943B32981DF53BEF00B9EB71 /* Release */,
			);
			defaultConfigurationIsVisible = 0;
			defaultConfigurationName = Release;
		};
		943B32991DF53BEF00B9EB71 /* Build configuration list for PBXNativeTarget "SqliteSample" */ = {
			isa = XCConfigurationList;
			buildConfigurations = (
				943B329A1DF53BEF00B9EB71 /* Debug */,
				943B329B1DF53BEF00B9EB71 /* Release */,
			);
			defaultConfigurationIsVisible = 0;
		};
/* End XCConfigurationList section */
	};
	rootObject = 943B327A1DF53BEE00B9EB71 /* Project object */;
}
